
Microsoft Visual Studio Solution File, Format Version 12.00
# Visual Studio Version 17
VisualStudioVersion = 17.13.35931.197 d17.13
MinimumVisualStudioVersion = 10.0.40219.1
Project("{FAE04EC0-301F-11D3-BF4B-00C04F79EFBC}") = "atbash_project", "atbash_project\atbash_project.csproj", "{74DD6DC9-42E5-4E8F-AF21-262200A58864}"
EndProject
Global
	GlobalSection(SolutionConfigurationPlatforms) = preSolution
		Debug|Any CPU = Debug|Any CPU
		Release|Any CPU = Release|Any CPU
	EndGlobalSection
	GlobalSection(ProjectConfigurationPlatforms) = postSolution
		{74DD6DC9-42E5-4E8F-AF21-262200A58864}.Debug|Any CPU.ActiveCfg = Debug|Any CPU
		{74DD6DC9-42E5-4E8F-AF21-262200A58864}.Debug|Any CPU.Build.0 = Debug|Any CPU
		{74DD6DC9-42E5-4E8F-AF21-262200A58864}.Release|Any CPU.ActiveCfg = Release|Any CPU
		{74DD6DC9-42E5-4E8F-AF21-262200A58864}.Release|Any CPU.Build.0 = Release|Any CPU
	EndGlobalSection
	GlobalSection(SolutionProperties) = preSolution
		HideSolutionNode = FALSE
	EndGlobalSection
	GlobalSection(ExtensibilityGlobals) = postSolution
		SolutionGuid = {E9D38682-800F-44F0-B59B-33233B014D8E}
	EndGlobalSection
EndGlobal
